
Microsoft Visual Studio Solution File, Format Version 12.00
# Visual Studio 15
VisualStudioVersion = 15.0.26020.0
MinimumVisualStudioVersion = 10.0.40219.1
Project("{D954291E-2A0B-460D-934E-DC6B0785DB48}") = "WebViewApp", "WebViewApp\WebViewApp.shproj", "{FC667CA4-521A-4803-AA9D-C392C151554D}"
EndProject
Project("{FAE04EC0-301F-11D3-BF4B-00C04F79EFBC}") = "WebViewApp.Droid", "WebViewApp.Droid\WebViewApp.Droid.csproj", "{68490105-4E54-4BCD-BB43-9800884427ED}"
EndProject
Project("{FAE04EC0-301F-11D3-BF4B-00C04F79EFBC}") = "WebViewApp.iOS", "WebViewApp.iOS\WebViewApp.iOS.csproj", "{27A0706F-05C3-46BB-9D72-19F276E9E25A}"
EndProject
Project("{FAE04EC0-301F-11D3-BF4B-00C04F79EFBC}") = "WebViewApp.UWP", "WebViewApp.UWP\WebViewApp.UWP.csproj", "{53250F34-B248-4329-8330-363AE51EF397}"
EndProject
Global
	GlobalSection(SharedMSBuildProjectFiles) = preSolution
		WebViewApp\WebViewApp.projitems*{27a0706f-05c3-46bb-9d72-19f276e9e25a}*SharedItemsImports = 4
		WebViewApp\WebViewApp.projitems*{53250f34-b248-4329-8330-363ae51ef397}*SharedItemsImports = 4
		WebViewApp\WebViewApp.projitems*{68490105-4e54-4bcd-bb43-9800884427ed}*SharedItemsImports = 4
		WebViewApp\WebViewApp.projitems*{fc667ca4-521a-4803-aa9d-c392c151554d}*SharedItemsImports = 13
	EndGlobalSection
	GlobalSection(SolutionConfigurationPlatforms) = preSolution
		Ad-Hoc|Any CPU = Ad-Hoc|Any CPU
		Ad-Hoc|ARM = Ad-Hoc|ARM
		Ad-Hoc|iPhone = Ad-Hoc|iPhone
		Ad-Hoc|iPhoneSimulator = Ad-Hoc|iPhoneSimulator
		Ad-Hoc|x64 = Ad-Hoc|x64
		Ad-Hoc|x86 = Ad-Hoc|x86
		AppStore|Any CPU = AppStore|Any CPU
		AppStore|ARM = AppStore|ARM
		AppStore|iPhone = AppStore|iPhone
		AppStore|iPhoneSimulator = AppStore|iPhoneSimulator
		AppStore|x64 = AppStore|x64
		AppStore|x86 = AppStore|x86
		Debug|Any CPU = Debug|Any CPU
		Debug|ARM = Debug|ARM
		Debug|iPhone = Debug|iPhone
		Debug|iPhoneSimulator = Debug|iPhoneSimulator
		Debug|x64 = Debug|x64
		Debug|x86 = Debug|x86
		Release|Any CPU = Release|Any CPU
		Release|ARM = Release|ARM
		Release|iPhone = Release|iPhone
		Release|iPhoneSimulator = Release|iPhoneSimulator
		Release|x64 = Release|x64
		Release|x86 = Release|x86
	EndGlobalSection
	GlobalSection(ProjectConfigurationPlatforms) = postSolution
		{68490105-4E54-4BCD-BB43-9800884427ED}.Ad-Hoc|Any CPU.ActiveCfg = Release|Any CPU
		{68490105-4E54-4BCD-BB43-9800884427ED}.Ad-Hoc|Any CPU.Build.0 = Release|Any CPU
		{68490105-4E54-4BCD-BB43-9800884427ED}.Ad-Hoc|Any CPU.Deploy.0 = Release|Any CPU
		{68490105-4E54-4BCD-BB43-9800884427ED}.Ad-Hoc|ARM.ActiveCfg = Release|Any CPU
		{68490105-4E54-4BCD-BB43-9800884427ED}.Ad-Hoc|ARM.Build.0 = Release|Any CPU
		{68490105-4E54-4BCD-BB43-9800884427ED}.Ad-Hoc|ARM.Deploy.0 = Release|Any CPU
		{68490105-4E54-4BCD-BB43-9800884427ED}.Ad-Hoc|iPhone.ActiveCfg = Release|Any CPU
		{68490105-4E54-4BCD-BB43-9800884427ED}.Ad-Hoc|iPhone.Build.0 = Release|Any CPU
		{68490105-4E54-4BCD-BB43-9800884427ED}.Ad-Hoc|iPhone.Deploy.0 = Release|Any CPU
		{68490105-4E54-4BCD-BB43-9800884427ED}.Ad-Hoc|iPhoneSimulator.ActiveCfg = Release|Any CPU
		{68490105-4E54-4BCD-BB43-9800884427ED}.Ad-Hoc|iPhoneSimulator.Build.0 = Release|Any CPU
		{68490105-4E54-4BCD-BB43-9800884427ED}.Ad-Hoc|iPhoneSimulator.Deploy.0 = Release|Any CPU
		{68490105-4E54-4BCD-BB43-9800884427ED}.Ad-Hoc|x64.ActiveCfg = Release|Any CPU
		{68490105-4E54-4BCD-BB43-9800884427ED}.Ad-Hoc|x64.Build.0 = Release|Any CPU
		{68490105-4E54-4BCD-BB43-9800884427ED}.Ad-Hoc|x64.Deploy.0 = Release|Any CPU
		{68490105-4E54-4BCD-BB43-9800884427ED}.Ad-Hoc|x86.ActiveCfg = Release|Any CPU
		{68490105-4E54-4BCD-BB43-9800884427ED}.Ad-Hoc|x86.Build.0 = Release|Any CPU
		{68490105-4E54-4BCD-BB43-9800884427ED}.Ad-Hoc|x86.Deploy.0 = Release|Any CPU
		{68490105-4E54-4BCD-BB43-9800884427ED}.AppStore|Any CPU.ActiveCfg = Release|Any CPU
		{68490105-4E54-4BCD-BB43-9800884427ED}.AppStore|Any CPU.Build.0 = Release|Any CPU
		{68490105-4E54-4BCD-BB43-9800884427ED}.AppStore|Any CPU.Deploy.0 = Release|Any CPU
		{68490105-4E54-4BCD-BB43-9800884427ED}.AppStore|ARM.ActiveCfg = Release|Any CPU
		{68490105-4E54-4BCD-BB43-9800884427ED}.AppStore|ARM.Build.0 = Release|Any CPU
		{68490105-4E54-4BCD-BB43-9800884427ED}.AppStore|ARM.Deploy.0 = Release|Any CPU
		{68490105-4E54-4BCD-BB43-9800884427ED}.AppStore|iPhone.ActiveCfg = Release|Any CPU
		{68490105-4E54-4BCD-BB43-9800884427ED}.AppStore|iPhone.Build.0 = Release|Any CPU
		{68490105-4E54-4BCD-BB43-9800884427ED}.AppStore|iPhone.Deploy.0 = Release|Any CPU
		{68490105-4E54-4BCD-BB43-9800884427ED}.AppStore|iPhoneSimulator.ActiveCfg = Release|Any CPU
		{68490105-4E54-4BCD-BB43-9800884427ED}.AppStore|iPhoneSimulator.Build.0 = Release|Any CPU
		{68490105-4E54-4BCD-BB43-9800884427ED}.AppStore|iPhoneSimulator.Deploy.0 = Release|Any CPU
		{68490105-4E54-4BCD-BB43-9800884427ED}.AppStore|x64.ActiveCfg = Release|Any CPU
		{68490105-4E54-4BCD-BB43-9800884427ED}.AppStore|x64.Build.0 = Release|Any CPU
		{68490105-4E54-4BCD-BB43-9800884427ED}.AppStore|x64.Deploy.0 = Release|Any CPU
		{68490105-4E54-4BCD-BB43-9800884427ED}.AppStore|x86.ActiveCfg = Release|Any CPU
		{68490105-4E54-4BCD-BB43-9800884427ED}.AppStore|x86.Build.0 = Release|Any CPU
		{68490105-4E54-4BCD-BB43-9800884427ED}.AppStore|x86.Deploy.0 = Release|Any CPU
		{68490105-4E54-4BCD-BB43-9800884427ED}.Debug|Any CPU.ActiveCfg = Debug|Any CPU
		{68490105-4E54-4BCD-BB43-9800884427ED}.Debug|Any CPU.Build.0 = Debug|Any CPU
		{68490105-4E54-4BCD-BB43-9800884427ED}.Debug|Any CPU.Deploy.0 = Debug|Any CPU
		{68490105-4E54-4BCD-BB43-9800884427ED}.Debug|ARM.ActiveCfg = Debug|Any CPU
		{68490105-4E54-4BCD-BB43-9800884427ED}.Debug|ARM.Build.0 = Debug|Any CPU
		{68490105-4E54-4BCD-BB43-9800884427ED}.Debug|ARM.Deploy.0 = Debug|Any CPU
		{68490105-4E54-4BCD-BB43-9800884427ED}.Debug|iPhone.ActiveCfg = Debug|Any CPU
		{68490105-4E54-4BCD-BB43-9800884427ED}.Debug|iPhone.Build.0 = Debug|Any CPU
		{68490105-4E54-4BCD-BB43-9800884427ED}.Debug|iPhone.Deploy.0 = Debug|Any CPU
		{68490105-4E54-4BCD-BB43-9800884427ED}.Debug|iPhoneSimulator.ActiveCfg = Debug|Any CPU
		{68490105-4E54-4BCD-BB43-9800884427ED}.Debug|iPhoneSimulator.Build.0 = Debug|Any CPU
		{68490105-4E54-4BCD-BB43-9800884427ED}.Debug|iPhoneSimulator.Deploy.0 = Debug|Any CPU
		{68490105-4E54-4BCD-BB43-9800884427ED}.Debug|x64.ActiveCfg = Debug|Any CPU
		{68490105-4E54-4BCD-BB43-9800884427ED}.Debug|x64.Build.0 = Debug|Any CPU
		{68490105-4E54-4BCD-BB43-9800884427ED}.Debug|x64.Deploy.0 = Debug|Any CPU
		{68490105-4E54-4BCD-BB43-9800884427ED}.Debug|x86.ActiveCfg = Debug|Any CPU
		{68490105-4E54-4BCD-BB43-9800884427ED}.Debug|x86.Build.0 = Debug|Any CPU
		{68490105-4E54-4BCD-BB43-9800884427ED}.Debug|x86.Deploy.0 = Debug|Any CPU
		{68490105-4E54-4BCD-BB43-9800884427ED}.Release|Any CPU.ActiveCfg = Release|Any CPU
		{68490105-4E54-4BCD-BB43-9800884427ED}.Release|Any CPU.Build.0 = Release|Any CPU
		{68490105-4E54-4BCD-BB43-9800884427ED}.Release|Any CPU.Deploy.0 = Release|Any CPU
		{68490105-4E54-4BCD-BB43-9800884427ED}.Release|ARM.ActiveCfg = Release|Any CPU
		{68490105-4E54-4BCD-BB43-9800884427ED}.Release|ARM.Build.0 = Release|Any CPU
		{68490105-4E54-4BCD-BB43-9800884427ED}.Release|ARM.Deploy.0 = Release|Any CPU
		{68490105-4E54-4BCD-BB43-9800884427ED}.Release|iPhone.ActiveCfg = Release|Any CPU
		{68490105-4E54-4BCD-BB43-9800884427ED}.Release|iPhone.Build.0 = Release|Any CPU
		{68490105-4E54-4BCD-BB43-9800884427ED}.Release|iPhone.Deploy.0 = Release|Any CPU
		{68490105-4E54-4BCD-BB43-9800884427ED}.Release|iPhoneSimulator.ActiveCfg = Release|Any CPU
		{68490105-4E54-4BCD-BB43-9800884427ED}.Release|iPhoneSimulator.Build.0 = Release|Any CPU
		{68490105-4E54-4BCD-BB43-9800884427ED}.Release|iPhoneSimulator.Deploy.0 = Release|Any CPU
		{68490105-4E54-4BCD-BB43-9800884427ED}.Release|x64.ActiveCfg = Release|Any CPU
		{68490105-4E54-4BCD-BB43-9800884427ED}.Release|x64.Build.0 = Release|Any CPU
		{68490105-4E54-4BCD-BB43-9800884427ED}.Release|x64.Deploy.0 = Release|Any CPU
		{68490105-4E54-4BCD-BB43-9800884427ED}.Release|x86.ActiveCfg = Release|Any CPU
		{68490105-4E54-4BCD-BB43-9800884427ED}.Release|x86.Build.0 = Release|Any CPU
		{68490105-4E54-4BCD-BB43-9800884427ED}.Release|x86.Deploy.0 = Release|Any CPU
		{27A0706F-05C3-46BB-9D72-19F276E9E25A}.Ad-Hoc|Any CPU.ActiveCfg = Ad-Hoc|iPhone
		{27A0706F-05C3-46BB-9D72-19F276E9E25A}.Ad-Hoc|ARM.ActiveCfg = Ad-Hoc|iPhone
		{27A0706F-05C3-46BB-9D72-19F276E9E25A}.Ad-Hoc|iPhone.ActiveCfg = Ad-Hoc|iPhone
		{27A0706F-05C3-46BB-9D72-19F276E9E25A}.Ad-Hoc|iPhone.Build.0 = Ad-Hoc|iPhone
		{27A0706F-05C3-46BB-9D72-19F276E9E25A}.Ad-Hoc|iPhoneSimulator.ActiveCfg = Ad-Hoc|iPhoneSimulator
		{27A0706F-05C3-46BB-9D72-19F276E9E25A}.Ad-Hoc|iPhoneSimulator.Build.0 = Ad-Hoc|iPhoneSimulator
		{27A0706F-05C3-46BB-9D72-19F276E9E25A}.Ad-Hoc|x64.ActiveCfg = Ad-Hoc|iPhone
		{27A0706F-05C3-46BB-9D72-19F276E9E25A}.Ad-Hoc|x86.ActiveCfg = Ad-Hoc|iPhone
		{27A0706F-05C3-46BB-9D72-19F276E9E25A}.AppStore|Any CPU.ActiveCfg = AppStore|iPhone
		{27A0706F-05C3-46BB-9D72-19F276E9E25A}.AppStore|ARM.ActiveCfg = AppStore|iPhone
		{27A0706F-05C3-46BB-9D72-19F276E9E25A}.AppStore|iPhone.ActiveCfg = AppStore|iPhone
		{27A0706F-05C3-46BB-9D72-19F276E9E25A}.AppStore|iPhone.Build.0 = AppStore|iPhone
		{27A0706F-05C3-46BB-9D72-19F276E9E25A}.AppStore|iPhoneSimulator.ActiveCfg = AppStore|iPhoneSimulator
		{27A0706F-05C3-46BB-9D72-19F276E9E25A}.AppStore|iPhoneSimulator.Build.0 = AppStore|iPhoneSimulator
		{27A0706F-05C3-46BB-9D72-19F276E9E25A}.AppStore|x64.ActiveCfg = AppStore|iPhone
		{27A0706F-05C3-46BB-9D72-19F276E9E25A}.AppStore|x86.ActiveCfg = AppStore|iPhone
		{27A0706F-05C3-46BB-9D72-19F276E9E25A}.Debug|Any CPU.ActiveCfg = Debug|iPhone
		{27A0706F-05C3-46BB-9D72-19F276E9E25A}.Debug|ARM.ActiveCfg = Debug|iPhone
		{27A0706F-05C3-46BB-9D72-19F276E9E25A}.Debug|iPhone.ActiveCfg = Debug|iPhone
		{27A0706F-05C3-46BB-9D72-19F276E9E25A}.Debug|iPhone.Build.0 = Debug|iPhone
		{27A0706F-05C3-46BB-9D72-19F276E9E25A}.Debug|iPhoneSimulator.ActiveCfg = Debug|iPhoneSimulator
		{27A0706F-05C3-46BB-9D72-19F276E9E25A}.Debug|iPhoneSimulator.Build.0 = Debug|iPhoneSimulator
		{27A0706F-05C3-46BB-9D72-19F276E9E25A}.Debug|x64.ActiveCfg = Debug|iPhone
		{27A0706F-05C3-46BB-9D72-19F276E9E25A}.Debug|x86.ActiveCfg = Debug|iPhone
		{27A0706F-05C3-46BB-9D72-19F276E9E25A}.Release|Any CPU.ActiveCfg = Release|iPhone
		{27A0706F-05C3-46BB-9D72-19F276E9E25A}.Release|ARM.ActiveCfg = Release|iPhone
		{27A0706F-05C3-46BB-9D72-19F276E9E25A}.Release|iPhone.ActiveCfg = Release|iPhone
		{27A0706F-05C3-46BB-9D72-19F276E9E25A}.Release|iPhone.Build.0 = Release|iPhone
		{27A0706F-05C3-46BB-9D72-19F276E9E25A}.Release|iPhoneSimulator.ActiveCfg = Release|iPhoneSimulator
		{27A0706F-05C3-46BB-9D72-19F276E9E25A}.Release|iPhoneSimulator.Build.0 = Release|iPhoneSimulator
		{27A0706F-05C3-46BB-9D72-19F276E9E25A}.Release|x64.ActiveCfg = Release|iPhone
		{27A0706F-05C3-46BB-9D72-19F276E9E25A}.Release|x86.ActiveCfg = Release|iPhone
		{53250F34-B248-4329-8330-363AE51EF397}.Ad-Hoc|Any CPU.ActiveCfg = Release|x86
		{53250F34-B248-4329-8330-363AE51EF397}.Ad-Hoc|Any CPU.Build.0 = Release|x86
		{53250F34-B248-4329-8330-363AE51EF397}.Ad-Hoc|Any CPU.Deploy.0 = Release|x86
		{53250F34-B248-4329-8330-363AE51EF397}.Ad-Hoc|ARM.ActiveCfg = Release|ARM
		{53250F34-B248-4329-8330-363AE51EF397}.Ad-Hoc|ARM.Build.0 = Release|ARM
		{53250F34-B248-4329-8330-363AE51EF397}.Ad-Hoc|ARM.Deploy.0 = Release|ARM
		{53250F34-B248-4329-8330-363AE51EF397}.Ad-Hoc|iPhone.ActiveCfg = Release|x86
		{53250F34-B248-4329-8330-363AE51EF397}.Ad-Hoc|iPhone.Build.0 = Release|x86
		{53250F34-B248-4329-8330-363AE51EF397}.Ad-Hoc|iPhone.Deploy.0 = Release|x86
		{53250F34-B248-4329-8330-363AE51EF397}.Ad-Hoc|iPhoneSimulator.ActiveCfg = Release|x86
		{53250F34-B248-4329-8330-363AE51EF397}.Ad-Hoc|iPhoneSimulator.Build.0 = Release|x86
		{53250F34-B248-4329-8330-363AE51EF397}.Ad-Hoc|iPhoneSimulator.Deploy.0 = Release|x86
		{53250F34-B248-4329-8330-363AE51EF397}.Ad-Hoc|x64.ActiveCfg = Release|x64
		{53250F34-B248-4329-8330-363AE51EF397}.Ad-Hoc|x64.Build.0 = Release|x64
		{53250F34-B248-4329-8330-363AE51EF397}.Ad-Hoc|x64.Deploy.0 = Release|x64
		{53250F34-B248-4329-8330-363AE51EF397}.Ad-Hoc|x86.ActiveCfg = Release|x86
		{53250F34-B248-4329-8330-363AE51EF397}.Ad-Hoc|x86.Build.0 = Release|x86
		{53250F34-B248-4329-8330-363AE51EF397}.Ad-Hoc|x86.Deploy.0 = Release|x86
		{53250F34-B248-4329-8330-363AE51EF397}.AppStore|Any CPU.ActiveCfg = Release|x86
		{53250F34-B248-4329-8330-363AE51EF397}.AppStore|Any CPU.Build.0 = Release|x86
		{53250F34-B248-4329-8330-363AE51EF397}.AppStore|Any CPU.Deploy.0 = Release|x86
		{53250F34-B248-4329-8330-363AE51EF397}.AppStore|ARM.ActiveCfg = Release|ARM
		{53250F34-B248-4329-8330-363AE51EF397}.AppStore|ARM.Build.0 = Release|ARM
		{53250F34-B248-4329-8330-363AE51EF397}.AppStore|ARM.Deploy.0 = Release|ARM
		{53250F34-B248-4329-8330-363AE51EF397}.AppStore|iPhone.ActiveCfg = Release|x86
		{53250F34-B248-4329-8330-363AE51EF397}.AppStore|iPhone.Build.0 = Release|x86
		{53250F34-B248-4329-8330-363AE51EF397}.AppStore|iPhone.Deploy.0 = Release|x86
		{53250F34-B248-4329-8330-363AE51EF397}.AppStore|iPhoneSimulator.ActiveCfg = Release|x86
		{53250F34-B248-4329-8330-363AE51EF397}.AppStore|iPhoneSimulator.Build.0 = Release|x86
		{53250F34-B248-4329-8330-363AE51EF397}.AppStore|iPhoneSimulator.Deploy.0 = Release|x86
		{53250F34-B248-4329-8330-363AE51EF397}.AppStore|x64.ActiveCfg = Release|x64
		{53250F34-B248-4329-8330-363AE51EF397}.AppStore|x64.Build.0 = Release|x64
		{53250F34-B248-4329-8330-363AE51EF397}.AppStore|x64.Deploy.0 = Release|x64
		{53250F34-B248-4329-8330-363AE51EF397}.AppStore|x86.ActiveCfg = Release|x86
		{53250F34-B248-4329-8330-363AE51EF397}.AppStore|x86.Build.0 = Release|x86
		{53250F34-B248-4329-8330-363AE51EF397}.AppStore|x86.Deploy.0 = Release|x86
		{53250F34-B248-4329-8330-363AE51EF397}.Debug|Any CPU.ActiveCfg = Debug|x86
		{53250F34-B248-4329-8330-363AE51EF397}.Debug|ARM.ActiveCfg = Debug|ARM
		{53250F34-B248-4329-8330-363AE51EF397}.Debug|ARM.Build.0 = Debug|ARM
		{53250F34-B248-4329-8330-363AE51EF397}.Debug|ARM.Deploy.0 = Debug|ARM
		{53250F34-B248-4329-8330-363AE51EF397}.Debug|iPhone.ActiveCfg = Debug|x86
		{53250F34-B248-4329-8330-363AE51EF397}.Debug|iPhoneSimulator.ActiveCfg = Debug|x86
		{53250F34-B248-4329-8330-363AE51EF397}.Debug|x64.ActiveCfg = Debug|x64
		{53250F34-B248-4329-8330-363AE51EF397}.Debug|x64.Build.0 = Debug|x64
		{53250F34-B248-4329-8330-363AE51EF397}.Debug|x64.Deploy.0 = Debug|x64
		{53250F34-B248-4329-8330-363AE51EF397}.Debug|x86.ActiveCfg = Debug|x86
		{53250F34-B248-4329-8330-363AE51EF397}.Debug|x86.Build.0 = Debug|x86
		{53250F34-B248-4329-8330-363AE51EF397}.Debug|x86.Deploy.0 = Debug|x86
		{53250F34-B248-4329-8330-363AE51EF397}.Release|Any CPU.ActiveCfg = Release|x86
		{53250F34-B248-4329-8330-363AE51EF397}.Release|ARM.ActiveCfg = Release|ARM
		{53250F34-B248-4329-8330-363AE51EF397}.Release|ARM.Build.0 = Release|ARM
		{53250F34-B248-4329-8330-363AE51EF397}.Release|ARM.Deploy.0 = Release|ARM
		{53250F34-B248-4329-8330-363AE51EF397}.Release|iPhone.ActiveCfg = Release|x86
		{53250F34-B248-4329-8330-363AE51EF397}.Release|iPhoneSimulator.ActiveCfg = Release|x86
		{53250F34-B248-4329-8330-363AE51EF397}.Release|x64.ActiveCfg = Release|x64
		{53250F34-B248-4329-8330-363AE51EF397}.Release|x64.Build.0 = Release|x64
		{53250F34-B248-4329-8330-363AE51EF397}.Release|x64.Deploy.0 = Release|x64
		{53250F34-B248-4329-8330-363AE51EF397}.Release|x86.ActiveCfg = Release|x86
		{53250F34-B248-4329-8330-363AE51EF397}.Release|x86.Build.0 = Release|x86
		{53250F34-B248-4329-8330-363AE51EF397}.Release|x86.Deploy.0 = Release|x86
	EndGlobalSection
	GlobalSection(SolutionProperties) = preSolution
		HideSolutionNode = FALSE
	EndGlobalSection
EndGlobal
